<?xml version="1.0" encoding="utf-8"?>
<Project ToolsVersion="4.0" xmlns="http://schemas.microsoft.com/developer/msbuild/2003">
  <ItemGroup>
    <Filter Include="Source Files">
      <UniqueIdentifier>{4FC737F1-C7A5-4376-A066-2A32D752A2FF}</UniqueIdentifier>
      <Extensions>cpp;c;cc;cxx;c++;cppm;ixx;def;odl;idl;hpj;bat;asm;asmx</Extensions>
    </Filter>
    <Filter Include="Header Files">
      <UniqueIdentifier>{93995380-89BD-4b04-88EB-625FBE52EBFB}</UniqueIdentifier>
      <Extensions>h;hh;hpp;hxx;h++;hm;inl;inc;ipp;xsd</Extensions>
    </Filter>
    <Filter Include="Resource Files">
      <UniqueIdentifier>{67DA6AB6-F800-4c08-8B7A-83BB121AAD01}</UniqueIdentifier>
      <Extensions>rc;ico;cur;bmp;dlg;rc2;rct;bin;rgs;gif;jpg;jpeg;jpe;resx;tiff;tif;png;wav;mfcribbon-ms</Extensions>
    </Filter>
    <Filter Include="Header Files\IO">
      <UniqueIdentifier>{af49ad52-2d25-4929-820f-de52c361b902}</UniqueIdentifier>
    </Filter>
    <Filter Include="Source Files\IO">
      <UniqueIdentifier>{db800313-e097-4a4f-ae42-4b2ea25f969d}</UniqueIdentifier>
    </Filter>
    <Filter Include="Header Files\Dungeon">
      <UniqueIdentifier>{c6133991-7afe-43ac-9113-60dd5effcdc1}</UniqueIdentifier>
    </Filter>
    <Filter Include="Source Files\Dungeon">
      <UniqueIdentifier>{939410c6-c660-408e-9ba4-6e71d8a13a0d}</UniqueIdentifier>
    </Filter>
    <Filter Include="Header Files\ascii">
      <UniqueIdentifier>{074cd013-c8fa-440f-93e8-028c66614b4f}</UniqueIdentifier>
    </Filter>
    <Filter Include="Source Files\ascii">
      <UniqueIdentifier>{87741f4a-bae3-408d-bbb5-6b541f1f4b7d}</UniqueIdentifier>
    </Filter>
    <Filter Include="Header Files\Game">
      <UniqueIdentifier>{e75e6222-ecba-4dba-9072-6e7431ebc576}</UniqueIdentifier>
    </Filter>
    <Filter Include="Source Files\Game">
      <UniqueIdentifier>{1dd9ff8c-e892-4d06-ae89-5a0eae8c6563}</UniqueIdentifier>
    </Filter>
    <Filter Include="Source Files\Action">
      <UniqueIdentifier>{3dda51ab-f2fb-4643-aa02-e6c67d672323}</UniqueIdentifier>
    </Filter>
  </ItemGroup>
  <ItemGroup>
    <ClInclude Include="Reader.h">
      <Filter>Header Files\IO</Filter>
    </ClInclude>
    <ClInclude Include="Writer.h">
      <Filter>Header Files\IO</Filter>
    </ClInclude>
    <ClInclude Include="Wall.h">
      <Filter>Header Files\Dungeon</Filter>
    </ClInclude>
    <ClInclude Include="Room.h">
      <Filter>Header Files\Dungeon</Filter>
    </ClInclude>
    <ClInclude Include="ascii\DungeonAscii.h">
      <Filter>Header Files\ascii</Filter>
    </ClInclude>
    <ClInclude Include="ascii\Grid.h">
      <Filter>Header Files\ascii</Filter>
    </ClInclude>
    <ClInclude Include="Dungeon_mt.h">
      <Filter>Header Files\Dungeon</Filter>
    </ClInclude>
    <ClInclude Include="GameExecuter.h">
      <Filter>Header Files\Game</Filter>
    </ClInclude>
    <ClInclude Include="Player.h">
      <Filter>Header Files\Game</Filter>
    </ClInclude>
    <ClInclude Include="GameParams.h">
      <Filter>Header Files\Game</Filter>
    </ClInclude>
    <ClInclude Include="GameServer.h">
      <Filter>Header Files</Filter>
    </ClInclude>
    <ClInclude Include="Action.h">
      <Filter>Header Files\Game</Filter>
    </ClInclude>
    <ClInclude Include="ActionResponse.h">
      <Filter>Header Files</Filter>
    </ClInclude>
    <ClInclude Include="UserParser.h">
      <Filter>Header Files</Filter>
    </ClInclude>
    <ClInclude Include="StringActionResponse.h">
      <Filter>Header Files</Filter>
    </ClInclude>
    <ClInclude Include="DungeonMonster.h">
      <Filter>Header Files\Dungeon</Filter>
    </ClInclude>
    <ClInclude Include="Dragon.h">
      <Filter>Header Files\Dungeon</Filter>
    </ClInclude>
    <ClInclude Include="ObserverPlayer_mt.h">
      <Filter>Header Files</Filter>
    </ClInclude>
    <ClInclude Include="SubjectRoom_mt.h">
      <Filter>Header Files</Filter>
    </ClInclude>
  </ItemGroup>
  <ItemGroup>
    <ClCompile Include="DND_lib.cpp">
      <Filter>Source Files</Filter>
    </ClCompile>
    <ClCompile Include="Writer.cpp">
      <Filter>Source Files\IO</Filter>
    </ClCompile>
    <ClCompile Include="GameParams.cpp">
      <Filter>Source Files</Filter>
    </ClCompile>
    <ClCompile Include="Wall.cpp">
      <Filter>Source Files\Dungeon</Filter>
    </ClCompile>
    <ClCompile Include="Room.cpp">
      <Filter>Source Files\Dungeon</Filter>
    </ClCompile>
    <ClCompile Include="ascii\DungeonAscii.cpp">
      <Filter>Source Files\ascii</Filter>
    </ClCompile>
    <ClCompile Include="ascii\Grid.cpp">
      <Filter>Source Files\ascii</Filter>
    </ClCompile>
    <ClCompile Include="GameExecuter.cpp">
      <Filter>Source Files\Game</Filter>
    </ClCompile>
    <ClCompile Include="Player.cpp">
      <Filter>Source Files\Game</Filter>
    </ClCompile>
    <ClCompile Include="GameServer.cpp">
      <Filter>Source Files</Filter>
    </ClCompile>
    <ClCompile Include="StringActionResponse.cpp">
      <Filter>Source Files</Filter>
    </ClCompile>
    <ClCompile Include="LeftAction.cpp">
      <Filter>Source Files\Action</Filter>
    </ClCompile>
    <ClCompile Include="RightAction.cpp">
      <Filter>Source Files\Action</Filter>
    </ClCompile>
    <ClCompile Include="UserParser.cpp">
      <Filter>Source Files</Filter>
    </ClCompile>
    <ClCompile Include="Dungeon_mt.cpp">
      <Filter>Source Files\Dungeon</Filter>
    </ClCompile>
    <ClCompile Include="DungeonMonster.cpp">
      <Filter>Source Files\Dungeon</Filter>
    </ClCompile>
    <ClCompile Include="Dragon.cpp">
      <Filter>Source Files\Dungeon</Filter>
    </ClCompile>
    <ClCompile Include="ObserverPlayer_mt.cpp">
      <Filter>Source Files\Dungeon</Filter>
    </ClCompile>
    <ClCompile Include="SubjectRoom_mt.cpp">
      <Filter>Source Files</Filter>
    </ClCompile>
    <ClCompile Include="Action.cpp">
      <Filter>Source Files\Action</Filter>
    </ClCompile>
    <ClCompile Include="ActionResponse.cpp">
      <Filter>Source Files\Action</Filter>
    </ClCompile>
    <ClCompile Include="TalkAction.cpp">
      <Filter>Source Files\Action</Filter>
    </ClCompile>
    <ClCompile Include="WalkAction.cpp">
      <Filter>Source Files\Action</Filter>
    </ClCompile>
    <ClCompile Include="TakeAction.cpp">
      <Filter>Source Files\Action</Filter>
    </ClCompile>
    <ClCompile Include="ShoutAction.cpp">
      <Filter>Source Files\Action</Filter>
    </ClCompile>
    <ClCompile Include="LookAction.cpp">
      <Filter>Source Files\Action</Filter>
    </ClCompile>
    <ClCompile Include="AttackAction.cpp">
      <Filter>Source Files\Action</Filter>
    </ClCompile>
  </ItemGroup>
</Project>